
Microsoft Visual Studio Solution File, Format Version 12.00
# Visual Studio Version 17
VisualStudioVersion = 17.14.36408.4 d17.14
MinimumVisualStudioVersion = 10.0.40219.1
Project("{FAE04EC0-301F-11D3-BF4B-00C04F79EFBC}") = "Hangman", "Hangman.csproj", "{983CC9CD-8D81-4121-8269-487AB28CEE9B}"
EndProject
Global
	GlobalSection(SolutionConfigurationPlatforms) = preSolution
		Debug|Any CPU = Debug|Any CPU
		Release|Any CPU = Release|Any CPU
	EndGlobalSection
	GlobalSection(ProjectConfigurationPlatforms) = postSolution
		{983CC9CD-8D81-4121-8269-487AB28CEE9B}.Debug|Any CPU.ActiveCfg = Debug|Any CPU
		{983CC9CD-8D81-4121-8269-487AB28CEE9B}.Debug|Any CPU.Build.0 = Debug|Any CPU
		{983CC9CD-8D81-4121-8269-487AB28CEE9B}.Release|Any CPU.ActiveCfg = Release|Any CPU
		{983CC9CD-8D81-4121-8269-487AB28CEE9B}.Release|Any CPU.Build.0 = Release|Any CPU
	EndGlobalSection
	GlobalSection(SolutionProperties) = preSolution
		HideSolutionNode = FALSE
	EndGlobalSection
	GlobalSection(ExtensibilityGlobals) = postSolution
		SolutionGuid = {455E7F7D-5CBE-4DCB-AEA0-E2D0C3B803B9}
	EndGlobalSection
EndGlobal
